
Microsoft Visual Studio Solution File, Format Version 12.00
# Visual Studio 15
VisualStudioVersion = 15.0.28307.421
MinimumVisualStudioVersion = 10.0.40219.1
Project("{F184B08F-C81C-45F6-A57F-5ABD9991F28F}") = "CodeFactorizationExamples", "CodeFactorizationExamples.vbproj", "{C4796AA6-13CB-4874-BCB1-6B3E87374348}"
EndProject
Global
	GlobalSection(SolutionConfigurationPlatforms) = preSolution
		Debug|Any CPU = Debug|Any CPU
		Release|Any CPU = Release|Any CPU
	EndGlobalSection
	GlobalSection(ProjectConfigurationPlatforms) = postSolution
		{C4796AA6-13CB-4874-BCB1-6B3E87374348}.Debug|Any CPU.ActiveCfg = Debug|Any CPU
		{C4796AA6-13CB-4874-BCB1-6B3E87374348}.Debug|Any CPU.Build.0 = Debug|Any CPU
		{C4796AA6-13CB-4874-BCB1-6B3E87374348}.Release|Any CPU.ActiveCfg = Release|Any CPU
		{C4796AA6-13CB-4874-BCB1-6B3E87374348}.Release|Any CPU.Build.0 = Release|Any CPU
	EndGlobalSection
	GlobalSection(SolutionProperties) = preSolution
		HideSolutionNode = FALSE
	EndGlobalSection
	GlobalSection(ExtensibilityGlobals) = postSolution
		SolutionGuid = {13642B19-33CD-4BDD-8195-58CDFB0492ED}
	EndGlobalSection
EndGlobal
